
Microsoft Visual Studio Solution File, Format Version 12.00
# Visual Studio 15
VisualStudioVersion = 15.0.26124.0
MinimumVisualStudioVersion = 15.0.26124.0
Project("{2150E333-8FDC-42A3-9474-1A3956D46DE8}") = "src", "src", "{9BA19091-C9F2-4DAF-B1DC-EB6E32AEEC0E}"
EndProject
Project("{FAE04EC0-301F-11D3-BF4B-00C04F79EFBC}") = "PetStore.Api", "src\PetStore.Api\PetStore.Api.csproj", "{9CB7E88A-8C37-493A-8B00-7AD0AD5EDD52}"
EndProject
Project("{2150E333-8FDC-42A3-9474-1A3956D46DE8}") = "test", "test", "{3BCFC6C4-2D00-4183-B4FB-F672AD3A25B6}"
EndProject
Project("{FAE04EC0-301F-11D3-BF4B-00C04F79EFBC}") = "PetStore.Tests", "test\PetStore.Tests\PetStore.Tests.csproj", "{E4E095E6-7D36-469E-A1F8-61ADC108D74D}"
EndProject
Global
	GlobalSection(SolutionConfigurationPlatforms) = preSolution
		Debug|Any CPU = Debug|Any CPU
		Debug|x64 = Debug|x64
		Debug|x86 = Debug|x86
		Release|Any CPU = Release|Any CPU
		Release|x64 = Release|x64
		Release|x86 = Release|x86
	EndGlobalSection
	GlobalSection(SolutionProperties) = preSolution
		HideSolutionNode = FALSE
	EndGlobalSection
	GlobalSection(ProjectConfigurationPlatforms) = postSolution
		{9CB7E88A-8C37-493A-8B00-7AD0AD5EDD52}.Debug|Any CPU.ActiveCfg = Debug|Any CPU
		{9CB7E88A-8C37-493A-8B00-7AD0AD5EDD52}.Debug|Any CPU.Build.0 = Debug|Any CPU
		{9CB7E88A-8C37-493A-8B00-7AD0AD5EDD52}.Debug|x64.ActiveCfg = Debug|x64
		{9CB7E88A-8C37-493A-8B00-7AD0AD5EDD52}.Debug|x64.Build.0 = Debug|x64
		{9CB7E88A-8C37-493A-8B00-7AD0AD5EDD52}.Debug|x86.ActiveCfg = Debug|x86
		{9CB7E88A-8C37-493A-8B00-7AD0AD5EDD52}.Debug|x86.Build.0 = Debug|x86
		{9CB7E88A-8C37-493A-8B00-7AD0AD5EDD52}.Release|Any CPU.ActiveCfg = Release|Any CPU
		{9CB7E88A-8C37-493A-8B00-7AD0AD5EDD52}.Release|Any CPU.Build.0 = Release|Any CPU
		{9CB7E88A-8C37-493A-8B00-7AD0AD5EDD52}.Release|x64.ActiveCfg = Release|x64
		{9CB7E88A-8C37-493A-8B00-7AD0AD5EDD52}.Release|x64.Build.0 = Release|x64
		{9CB7E88A-8C37-493A-8B00-7AD0AD5EDD52}.Release|x86.ActiveCfg = Release|x86
		{9CB7E88A-8C37-493A-8B00-7AD0AD5EDD52}.Release|x86.Build.0 = Release|x86
		{E4E095E6-7D36-469E-A1F8-61ADC108D74D}.Debug|Any CPU.ActiveCfg = Debug|Any CPU
		{E4E095E6-7D36-469E-A1F8-61ADC108D74D}.Debug|Any CPU.Build.0 = Debug|Any CPU
		{E4E095E6-7D36-469E-A1F8-61ADC108D74D}.Debug|x64.ActiveCfg = Debug|x64
		{E4E095E6-7D36-469E-A1F8-61ADC108D74D}.Debug|x64.Build.0 = Debug|x64
		{E4E095E6-7D36-469E-A1F8-61ADC108D74D}.Debug|x86.ActiveCfg = Debug|x86
		{E4E095E6-7D36-469E-A1F8-61ADC108D74D}.Debug|x86.Build.0 = Debug|x86
		{E4E095E6-7D36-469E-A1F8-61ADC108D74D}.Release|Any CPU.ActiveCfg = Release|Any CPU
		{E4E095E6-7D36-469E-A1F8-61ADC108D74D}.Release|Any CPU.Build.0 = Release|Any CPU
		{E4E095E6-7D36-469E-A1F8-61ADC108D74D}.Release|x64.ActiveCfg = Release|x64
		{E4E095E6-7D36-469E-A1F8-61ADC108D74D}.Release|x64.Build.0 = Release|x64
		{E4E095E6-7D36-469E-A1F8-61ADC108D74D}.Release|x86.ActiveCfg = Release|x86
		{E4E095E6-7D36-469E-A1F8-61ADC108D74D}.Release|x86.Build.0 = Release|x86
	EndGlobalSection
	GlobalSection(NestedProjects) = preSolution
		{9CB7E88A-8C37-493A-8B00-7AD0AD5EDD52} = {9BA19091-C9F2-4DAF-B1DC-EB6E32AEEC0E}
		{E4E095E6-7D36-469E-A1F8-61ADC108D74D} = {3BCFC6C4-2D00-4183-B4FB-F672AD3A25B6}
	EndGlobalSection
EndGlobal
